
Microsoft Visual Studio Solution File, Format Version 12.00
# Visual Studio 14
VisualStudioVersion = 14.0.25123.0
MinimumVisualStudioVersion = 10.0.40219.1
Project("{FAE04EC0-301F-11D3-BF4B-00C04F79EFBC}") = "Testing", "Testing\Testing.csproj", "{16936077-3070-4A68-AFCE-30036E58E286}"
EndProject
Project("{FAE04EC0-301F-11D3-BF4B-00C04F79EFBC}") = "EmployeeDB", "EmployeeDB\EmployeeDB.csproj", "{ADFDD0FD-F722-4AC4-B98D-1AE9E52479D4}"
EndProject
Project("{FAE04EC0-301F-11D3-BF4B-00C04F79EFBC}") = "ClientApplication", "ClientApplication\ClientApplication.csproj", "{B39120F7-D435-4A09-B4C8-390A43BB8E1D}"
EndProject
Global
	GlobalSection(SolutionConfigurationPlatforms) = preSolution
		Debug|Any CPU = Debug|Any CPU
		Release|Any CPU = Release|Any CPU
	EndGlobalSection
	GlobalSection(ProjectConfigurationPlatforms) = postSolution
		{16936077-3070-4A68-AFCE-30036E58E286}.Debug|Any CPU.ActiveCfg = Debug|Any CPU
		{16936077-3070-4A68-AFCE-30036E58E286}.Debug|Any CPU.Build.0 = Debug|Any CPU
		{16936077-3070-4A68-AFCE-30036E58E286}.Release|Any CPU.ActiveCfg = Release|Any CPU
		{16936077-3070-4A68-AFCE-30036E58E286}.Release|Any CPU.Build.0 = Release|Any CPU
		{ADFDD0FD-F722-4AC4-B98D-1AE9E52479D4}.Debug|Any CPU.ActiveCfg = Debug|Any CPU
		{ADFDD0FD-F722-4AC4-B98D-1AE9E52479D4}.Debug|Any CPU.Build.0 = Debug|Any CPU
		{ADFDD0FD-F722-4AC4-B98D-1AE9E52479D4}.Release|Any CPU.ActiveCfg = Release|Any CPU
		{ADFDD0FD-F722-4AC4-B98D-1AE9E52479D4}.Release|Any CPU.Build.0 = Release|Any CPU
		{B39120F7-D435-4A09-B4C8-390A43BB8E1D}.Debug|Any CPU.ActiveCfg = Debug|Any CPU
		{B39120F7-D435-4A09-B4C8-390A43BB8E1D}.Debug|Any CPU.Build.0 = Debug|Any CPU
		{B39120F7-D435-4A09-B4C8-390A43BB8E1D}.Release|Any CPU.ActiveCfg = Release|Any CPU
		{B39120F7-D435-4A09-B4C8-390A43BB8E1D}.Release|Any CPU.Build.0 = Release|Any CPU
	EndGlobalSection
	GlobalSection(SolutionProperties) = preSolution
		HideSolutionNode = FALSE
	EndGlobalSection
EndGlobal
